
Microsoft Visual Studio Solution File, Format Version 12.00
# Visual Studio Version 17
VisualStudioVersion = 17.0.31903.59
MinimumVisualStudioVersion = 10.0.40219.1
Project("{FAE04EC0-301F-11D3-BF4B-00C04F79EFBC}") = "Assignment1", "Assignment1\Assignment1.csproj", "{D72A4C24-E857-49B0-B4E3-52476BBC34B9}"
EndProject
Project("{FAE04EC0-301F-11D3-BF4B-00C04F79EFBC}") = "Assignment2", "Assignment2\Assignment2.csproj", "{6A86839D-FDEA-4B85-B202-8EDD6E00542D}"
EndProject
Global
	GlobalSection(SolutionConfigurationPlatforms) = preSolution
		Debug|Any CPU = Debug|Any CPU
		Release|Any CPU = Release|Any CPU
	EndGlobalSection
	GlobalSection(SolutionProperties) = preSolution
		HideSolutionNode = FALSE
	EndGlobalSection
	GlobalSection(ProjectConfigurationPlatforms) = postSolution
		{D72A4C24-E857-49B0-B4E3-52476BBC34B9}.Debug|Any CPU.ActiveCfg = Debug|Any CPU
		{D72A4C24-E857-49B0-B4E3-52476BBC34B9}.Debug|Any CPU.Build.0 = Debug|Any CPU
		{D72A4C24-E857-49B0-B4E3-52476BBC34B9}.Release|Any CPU.ActiveCfg = Release|Any CPU
		{D72A4C24-E857-49B0-B4E3-52476BBC34B9}.Release|Any CPU.Build.0 = Release|Any CPU
		{6A86839D-FDEA-4B85-B202-8EDD6E00542D}.Debug|Any CPU.ActiveCfg = Debug|Any CPU
		{6A86839D-FDEA-4B85-B202-8EDD6E00542D}.Debug|Any CPU.Build.0 = Debug|Any CPU
		{6A86839D-FDEA-4B85-B202-8EDD6E00542D}.Release|Any CPU.ActiveCfg = Release|Any CPU
		{6A86839D-FDEA-4B85-B202-8EDD6E00542D}.Release|Any CPU.Build.0 = Release|Any CPU
	EndGlobalSection
EndGlobal
